
Microsoft Visual Studio Solution File, Format Version 12.00
# Visual Studio Version 17
VisualStudioVersion = 17.11.35017.193
MinimumVisualStudioVersion = 10.0.40219.1
Project("{FAE04EC0-301F-11D3-BF4B-00C04F79EFBC}") = "SemanticKernelHelloWorld", "SemanticKernelHelloWorld.csproj", "{B58CB314-A963-4556-B53A-D09CD26DBD0C}"
EndProject
Global
	GlobalSection(SolutionConfigurationPlatforms) = preSolution
		Debug|Any CPU = Debug|Any CPU
		Release|Any CPU = Release|Any CPU
	EndGlobalSection
	GlobalSection(ProjectConfigurationPlatforms) = postSolution
		{B58CB314-A963-4556-B53A-D09CD26DBD0C}.Debug|Any CPU.ActiveCfg = Debug|Any CPU
		{B58CB314-A963-4556-B53A-D09CD26DBD0C}.Debug|Any CPU.Build.0 = Debug|Any CPU
		{B58CB314-A963-4556-B53A-D09CD26DBD0C}.Release|Any CPU.ActiveCfg = Release|Any CPU
		{B58CB314-A963-4556-B53A-D09CD26DBD0C}.Release|Any CPU.Build.0 = Release|Any CPU
	EndGlobalSection
	GlobalSection(SolutionProperties) = preSolution
		HideSolutionNode = FALSE
	EndGlobalSection
	GlobalSection(ExtensibilityGlobals) = postSolution
		SolutionGuid = {D00920BC-703C-42D7-AC0E-4C2CEFD4743B}
	EndGlobalSection
EndGlobal
